
Microsoft Visual Studio Solution File, Format Version 12.00
# Visual Studio Version 16
VisualStudioVersion = 16.0.36422.26
MinimumVisualStudioVersion = 10.0.40219.1
Project("{FAE04EC0-301F-11D3-BF4B-00C04F79EFBC}") = "Factorizacion", "Factorizacion\Factorizacion.csproj", "{26F521ED-3C70-4935-A969-F84E190B042A}"
EndProject
Global
	GlobalSection(SolutionConfigurationPlatforms) = preSolution
		Debug|Any CPU = Debug|Any CPU
		Release|Any CPU = Release|Any CPU
	EndGlobalSection
	GlobalSection(ProjectConfigurationPlatforms) = postSolution
		{26F521ED-3C70-4935-A969-F84E190B042A}.Debug|Any CPU.ActiveCfg = Debug|Any CPU
		{26F521ED-3C70-4935-A969-F84E190B042A}.Debug|Any CPU.Build.0 = Debug|Any CPU
		{26F521ED-3C70-4935-A969-F84E190B042A}.Release|Any CPU.ActiveCfg = Release|Any CPU
		{26F521ED-3C70-4935-A969-F84E190B042A}.Release|Any CPU.Build.0 = Release|Any CPU
	EndGlobalSection
	GlobalSection(SolutionProperties) = preSolution
		HideSolutionNode = FALSE
	EndGlobalSection
	GlobalSection(ExtensibilityGlobals) = postSolution
		SolutionGuid = {2F988F9E-A2B4-4476-91F5-52565710B810}
	EndGlobalSection
EndGlobal
