
Microsoft Visual Studio Solution File, Format Version 12.00
# Visual Studio Version 16
VisualStudioVersion = 16.0.36422.26
MinimumVisualStudioVersion = 10.0.40219.1
Project("{FAE04EC0-301F-11D3-BF4B-00C04F79EFBC}") = "MergeSort", "MergeSort\MergeSort.csproj", "{238BB7FE-73F2-46F2-860C-E0D1608EDCE5}"
EndProject
Global
	GlobalSection(SolutionConfigurationPlatforms) = preSolution
		Debug|Any CPU = Debug|Any CPU
		Release|Any CPU = Release|Any CPU
	EndGlobalSection
	GlobalSection(ProjectConfigurationPlatforms) = postSolution
		{238BB7FE-73F2-46F2-860C-E0D1608EDCE5}.Debug|Any CPU.ActiveCfg = Debug|Any CPU
		{238BB7FE-73F2-46F2-860C-E0D1608EDCE5}.Debug|Any CPU.Build.0 = Debug|Any CPU
		{238BB7FE-73F2-46F2-860C-E0D1608EDCE5}.Release|Any CPU.ActiveCfg = Release|Any CPU
		{238BB7FE-73F2-46F2-860C-E0D1608EDCE5}.Release|Any CPU.Build.0 = Release|Any CPU
	EndGlobalSection
	GlobalSection(SolutionProperties) = preSolution
		HideSolutionNode = FALSE
	EndGlobalSection
	GlobalSection(ExtensibilityGlobals) = postSolution
		SolutionGuid = {95BA42D7-58DB-4C80-86AF-DA6F058A83B5}
	EndGlobalSection
EndGlobal
